
Microsoft Visual Studio Solution File, Format Version 12.00
# Visual Studio Version 17
VisualStudioVersion = 17.7.33927.210
MinimumVisualStudioVersion = 10.0.40219.1
Project("{FAE04EC0-301F-11D3-BF4B-00C04F79EFBC}") = "Shared", "Shared\Shared.csproj", "{95C2EB75-D973-475F-A5AB-2F6E3836EBF2}"
EndProject
Project("{2150E333-8FDC-42A3-9474-1A3956D46DE8}") = "Solution Items", "Solution Items", "{5D17DD57-57EC-4ACE-A2DA-DFEC3F1BAE24}"
	ProjectSection(SolutionItems) = preProject
		.gitignore = .gitignore
		README.md = README.md
	EndProjectSection
EndProject
Project("{FAE04EC0-301F-11D3-BF4B-00C04F79EFBC}") = "Client", "Client\Client.csproj", "{32B1BAF6-3884-47BE-B611-45EFE38846DC}"
EndProject
Project("{FAE04EC0-301F-11D3-BF4B-00C04F79EFBC}") = "Api", "Api\Api.csproj", "{61F6DB11-FC26-4EA1-97FD-7616FCEE4439}"
EndProject
Global
	GlobalSection(SolutionConfigurationPlatforms) = preSolution
		Debug|Any CPU = Debug|Any CPU
		Release|Any CPU = Release|Any CPU
	EndGlobalSection
	GlobalSection(ProjectConfigurationPlatforms) = postSolution
		{95C2EB75-D973-475F-A5AB-2F6E3836EBF2}.Debug|Any CPU.ActiveCfg = Debug|Any CPU
		{95C2EB75-D973-475F-A5AB-2F6E3836EBF2}.Debug|Any CPU.Build.0 = Debug|Any CPU
		{95C2EB75-D973-475F-A5AB-2F6E3836EBF2}.Release|Any CPU.ActiveCfg = Release|Any CPU
		{95C2EB75-D973-475F-A5AB-2F6E3836EBF2}.Release|Any CPU.Build.0 = Release|Any CPU
		{32B1BAF6-3884-47BE-B611-45EFE38846DC}.Debug|Any CPU.ActiveCfg = Debug|Any CPU
		{32B1BAF6-3884-47BE-B611-45EFE38846DC}.Debug|Any CPU.Build.0 = Debug|Any CPU
		{32B1BAF6-3884-47BE-B611-45EFE38846DC}.Release|Any CPU.ActiveCfg = Release|Any CPU
		{32B1BAF6-3884-47BE-B611-45EFE38846DC}.Release|Any CPU.Build.0 = Release|Any CPU
		{61F6DB11-FC26-4EA1-97FD-7616FCEE4439}.Debug|Any CPU.ActiveCfg = Debug|Any CPU
		{61F6DB11-FC26-4EA1-97FD-7616FCEE4439}.Debug|Any CPU.Build.0 = Debug|Any CPU
		{61F6DB11-FC26-4EA1-97FD-7616FCEE4439}.Release|Any CPU.ActiveCfg = Release|Any CPU
		{61F6DB11-FC26-4EA1-97FD-7616FCEE4439}.Release|Any CPU.Build.0 = Release|Any CPU
	EndGlobalSection
	GlobalSection(SolutionProperties) = preSolution
		HideSolutionNode = FALSE
	EndGlobalSection
	GlobalSection(ExtensibilityGlobals) = postSolution
		SolutionGuid = {7E8D358E-BA2D-4F5C-B790-E8DCD41F7197}
	EndGlobalSection
EndGlobal
